
Microsoft Visual Studio Solution File, Format Version 12.00
# Visual Studio Version 17
VisualStudioVersion = 17.6.33801.468
MinimumVisualStudioVersion = 10.0.40219.1
Project("{FAE04EC0-301F-11D3-BF4B-00C04F79EFBC}") = "Department-1", "Department-1\Department-1.csproj", "{57ECD081-2E2F-4A85-9007-E86D05DF5A56}"
EndProject
Global
	GlobalSection(SolutionConfigurationPlatforms) = preSolution
		Debug|Any CPU = Debug|Any CPU
		Release|Any CPU = Release|Any CPU
	EndGlobalSection
	GlobalSection(ProjectConfigurationPlatforms) = postSolution
		{57ECD081-2E2F-4A85-9007-E86D05DF5A56}.Debug|Any CPU.ActiveCfg = Debug|Any CPU
		{57ECD081-2E2F-4A85-9007-E86D05DF5A56}.Debug|Any CPU.Build.0 = Debug|Any CPU
		{57ECD081-2E2F-4A85-9007-E86D05DF5A56}.Release|Any CPU.ActiveCfg = Release|Any CPU
		{57ECD081-2E2F-4A85-9007-E86D05DF5A56}.Release|Any CPU.Build.0 = Release|Any CPU
	EndGlobalSection
	GlobalSection(SolutionProperties) = preSolution
		HideSolutionNode = FALSE
	EndGlobalSection
	GlobalSection(ExtensibilityGlobals) = postSolution
		SolutionGuid = {B0F7044A-0690-4416-A3AA-1E29A861B0A4}
	EndGlobalSection
EndGlobal
